<?xml version="1.0" encoding="utf-8"?>
<Project ToolsVersion="4.0" xmlns="http://schemas.microsoft.com/developer/msbuild/2003">
  <ItemGroup>
    <Filter Include="Scenes">
      <UniqueIdentifier>{112e3472-ce8d-4892-bb5a-2262761a8594}</UniqueIdentifier>
    </Filter>
    <Filter Include="Contents">
      <UniqueIdentifier>{38a8b84a-1945-4757-a2a2-66a4e153079c}</UniqueIdentifier>
    </Filter>
    <Filter Include="Contents\Scripts">
      <UniqueIdentifier>{53323230-c179-4b3b-945e-d562c0a9292e}</UniqueIdentifier>
    </Filter>
  </ItemGroup>
  <ItemGroup>
    <ClInclude Include="idhLoadScene.h">
      <Filter>Scenes</Filter>
    </ClInclude>
    <ClInclude Include="idhPlayer.h">
      <Filter>Contents</Filter>
    </ClInclude>
    <ClInclude Include="idhPlayScene.h">
      <Filter>Scenes</Filter>
    </ClInclude>
    <ClInclude Include="idhTitleScene.h">
      <Filter>Scenes</Filter>
    </ClInclude>
    <ClInclude Include="idhLoadResources.h" />
    <ClInclude Include="idhPlayerScript.h">
      <Filter>Contents\Scripts</Filter>
    </ClInclude>
    <ClInclude Include="idhCat.h">
      <Filter>Contents</Filter>
    </ClInclude>
    <ClInclude Include="idhCatScript.h">
      <Filter>Contents\Scripts</Filter>
    </ClInclude>
    <ClInclude Include="idhTile.h">
      <Filter>Contents</Filter>
    </ClInclude>
    <ClInclude Include="idhToolScene.h">
      <Filter>Scenes</Filter>
    </ClInclude>
  </ItemGroup>
  <ItemGroup>
    <ClCompile Include="idhPlayer.cpp">
      <Filter>Contents</Filter>
    </ClCompile>
    <ClCompile Include="idhPlayScene.cpp">
      <Filter>Scenes</Filter>
    </ClCompile>
    <ClCompile Include="idhTitleScene.cpp">
      <Filter>Scenes</Filter>
    </ClCompile>
    <ClCompile Include="idhPlayerScript.cpp">
      <Filter>Contents\Scripts</Filter>
    </ClCompile>
    <ClCompile Include="idhCat.cpp">
      <Filter>Contents</Filter>
    </ClCompile>
    <ClCompile Include="idhCatScript.cpp">
      <Filter>Contents\Scripts</Filter>
    </ClCompile>
    <ClCompile Include="idhTile.cpp">
      <Filter>Contents</Filter>
    </ClCompile>
    <ClCompile Include="idhToolScene.cpp">
      <Filter>Scenes</Filter>
    </ClCompile>
  </ItemGroup>
  <ItemGroup>
    <None Include="ClassDiagram.cd" />
    <None Include="ClassDiagram1.cd" />
  </ItemGroup>
</Project>