<?xml version="1.0" encoding="utf-8"?>
<Project ToolsVersion="4.0" xmlns="http://schemas.microsoft.com/developer/msbuild/2003">
  <ItemGroup>
    <Filter Include="Scenes">
      <UniqueIdentifier>{112e3472-ce8d-4892-bb5a-2262761a8594}</UniqueIdentifier>
    </Filter>
  </ItemGroup>
  <ItemGroup>
    <ClInclude Include="idhLoadScene.h">
      <Filter>Scenes</Filter>
    </ClInclude>
    <ClInclude Include="idhPlayScene.h" />
    <ClInclude Include="resource.h" />
    <ClInclude Include="idhPlayer.h" />
  </ItemGroup>
  <ItemGroup>
    <ClCompile Include="idhPlayScene.cpp" />
    <ClCompile Include="idhPlayer.cpp" />
  </ItemGroup>
  <ItemGroup>
    <ResourceCompile Include="IdhEngine_Window.rc" />
  </ItemGroup>
</Project>